{
  "R": {
    "Version": "4.0.4",
    "Repositories": [
      {
        "Name": "CRAN",
        "URL": "https://cran.rstudio.com"
      }
    ]
  },
  "Packages": {
    "KernSmooth": {
      "Package": "KernSmooth",
      "Version": "2.23-18",
      "Source": "Repository",
      "Repository": "CRAN",
      "Hash": "9e703ad8bf0e99f3691f05da32dfe68b"
    },
    "MASS": {
      "Package": "MASS",
      "Version": "7.3-53.1",
      "Source": "Repository",
      "Repository": "CRAN",
      "Hash": "4ef21dd0348b9abb7f8bd1d77e4cd0c3"
    },
    "Rcpp": {
      "Package": "Rcpp",
      "Version": "1.0.6",
      "Source": "Repository",
      "Repository": "CRAN",
      "Hash": "dbb5e436998a7eba5a9d682060533338"
    },
    "RcppArmadillo": {
      "Package": "RcppArmadillo",
      "Version": "0.10.2.1.0",
      "Source": "Repository",
      "Repository": "CRAN",
      "Hash": "a2de53472129933a29975e7cfa3ffe28"
    },
    "base64enc": {
      "Package": "base64enc",
      "Version": "0.1-3",
      "Source": "Repository",
      "Repository": "CRAN",
      "Hash": "543776ae6848fde2f48ff3816d0628bc"
    },
    "bitops": {
      "Package": "bitops",
      "Version": "1.0-6",
      "Source": "Repository",
      "Repository": "CRAN",
      "Hash": "0b118d5900596bae6c4d4865374536a6"
    },
    "caTools": {
      "Package": "caTools",
      "Version": "1.18.1",
      "Source": "Repository",
      "Repository": "CRAN",
      "Hash": "f5b3e8f693522708cd9444c839b432e0"
    },
    "digest": {
      "Package": "digest",
      "Version": "0.6.27",
      "Source": "Repository",
      "Repository": "CRAN",
      "Hash": "a0cbe758a531d054b537d16dff4d58a1"
    },
    "evaluate": {
      "Package": "evaluate",
      "Version": "0.14",
      "Source": "Repository",
      "Repository": "CRAN",
      "Hash": "ec8ca05cffcc70569eaaad8469d2a3a7"
    },
    "glue": {
      "Package": "glue",
      "Version": "1.4.2",
      "Source": "Repository",
      "Repository": "CRAN",
      "Hash": "6efd734b14c6471cfe443345f3e35e29"
    },
    "gplots": {
      "Package": "gplots",
      "Version": "3.1.1",
      "Source": "Repository",
      "Repository": "CRAN",
      "Hash": "e65e5d5dea4cbb9ba822dcd782b2ee1f"
    },
    "gtools": {
      "Package": "gtools",
      "Version": "3.8.2",
      "Source": "Repository",
      "Repository": "CRAN",
      "Hash": "0a749b4458d19a54acae93c64e3e7c85"
    },
    "highr": {
      "Package": "highr",
      "Version": "0.8",
      "Source": "Repository",
      "Repository": "CRAN",
      "Hash": "4dc5bb88961e347a0f4d8aad597cbfac"
    },
    "htmltools": {
      "Package": "htmltools",
      "Version": "0.5.1.1",
      "Source": "Repository",
      "Repository": "CRAN",
      "Hash": "af2c2531e55df5cf230c4b5444fc973c"
    },
    "jsonlite": {
      "Package": "jsonlite",
      "Version": "1.7.2",
      "Source": "Repository",
      "Repository": "CRAN",
      "Hash": "98138e0994d41508c7a6b84a0600cfcb"
    },
    "knitr": {
      "Package": "knitr",
      "Version": "1.31",
      "Source": "Repository",
      "Repository": "CRAN",
      "Hash": "c3994c036d19fc22c5e2a209c8298bfb"
    },
    "magrittr": {
      "Package": "magrittr",
      "Version": "2.0.1",
      "Source": "Repository",
      "Repository": "CRAN",
      "Hash": "41287f1ac7d28a92f0a286ed507928d3"
    },
    "markdown": {
      "Package": "markdown",
      "Version": "1.1",
      "Source": "Repository",
      "Repository": "CRAN",
      "Hash": "61e4a10781dd00d7d81dd06ca9b94e95"
    },
    "matrixcalc": {
      "Package": "matrixcalc",
      "Version": "1.0-3",
      "Source": "Repository",
      "Repository": "CRAN",
      "Hash": "67101e7448dfd9add4ac418623060262"
    },
    "mime": {
      "Package": "mime",
      "Version": "0.10",
      "Source": "Repository",
      "Repository": "CRAN",
      "Hash": "26fa77e707223e1ce042b2b5d09993dc"
    },
    "mvtnorm": {
      "Package": "mvtnorm",
      "Version": "1.1-1",
      "Source": "Repository",
      "Repository": "CRAN",
      "Hash": "69fa7331e7410c2a2cb3f9868513904f"
    },
    "plyr": {
      "Package": "plyr",
      "Version": "1.8.6",
      "Source": "Repository",
      "Repository": "CRAN",
      "Hash": "ec0e5ab4e5f851f6ef32cd1d1984957f"
    },
    "renv": {
      "Package": "renv",
      "Version": "0.12.5",
      "Source": "Repository",
      "Repository": "CRAN",
      "Hash": "5c0cdb37f063c58cdab3c7e9fbb8bd2c"
    },
    "rlang": {
      "Package": "rlang",
      "Version": "0.4.10",
      "Source": "Repository",
      "Repository": "CRAN",
      "Hash": "599df23c40a4fce9c7b4764f28c37857"
    },
    "rmarkdown": {
      "Package": "rmarkdown",
      "Version": "2.7",
      "Source": "Repository",
      "Repository": "CRAN",
      "Hash": "edbf4cb1aefae783fd8d3a008ae51943"
    },
    "scatterplot3d": {
      "Package": "scatterplot3d",
      "Version": "0.3-41",
      "Source": "Repository",
      "Repository": "CRAN",
      "Hash": "0d3e8c286b735517c2df4ed48848e732"
    },
    "stringi": {
      "Package": "stringi",
      "Version": "1.5.3",
      "Source": "Repository",
      "Repository": "CRAN",
      "Hash": "a063ebea753c92910a4cca7b18bc1f05"
    },
    "stringr": {
      "Package": "stringr",
      "Version": "1.4.0",
      "Source": "Repository",
      "Repository": "CRAN",
      "Hash": "0759e6b6c0957edb1311028a49a35e76"
    },
    "tinytex": {
      "Package": "tinytex",
      "Version": "0.29",
      "Source": "Repository",
      "Repository": "CRAN",
      "Hash": "f0b0ba735febac9a8344253ae6fa93f5"
    },
    "truncnorm": {
      "Package": "truncnorm",
      "Version": "1.0-8",
      "Source": "Repository",
      "Repository": "CRAN",
      "Hash": "cc8b5bfa01c930ccb56d3051e515fbd8"
    },
    "xfun": {
      "Package": "xfun",
      "Version": "0.21",
      "Source": "Repository",
      "Repository": "CRAN",
      "Hash": "f3ddcca198959a42e8cb6b06c30d4f1e"
    },
    "yaml": {
      "Package": "yaml",
      "Version": "2.2.1",
      "Source": "Repository",
      "Repository": "CRAN",
      "Hash": "2826c5d9efb0a88f657c7a679c7106db"
    }
  }
}
